
Microsoft Visual Studio Solution File, Format Version 12.00
# Visual Studio Version 17
VisualStudioVersion = 17.14.36109.1
MinimumVisualStudioVersion = 10.0.40219.1
Project("{FAE04EC0-301F-11D3-BF4B-00C04F79EFBC}") = "TestProject3 TMS", "TestProject3 TMS\TestProject3 TMS.csproj", "{A129087F-6A5B-47C4-8B61-90E860BB1CDD}"
EndProject
Global
	GlobalSection(SolutionConfigurationPlatforms) = preSolution
		Debug|Any CPU = Debug|Any CPU
		Release|Any CPU = Release|Any CPU
	EndGlobalSection
	GlobalSection(ProjectConfigurationPlatforms) = postSolution
		{A129087F-6A5B-47C4-8B61-90E860BB1CDD}.Debug|Any CPU.ActiveCfg = Debug|Any CPU
		{A129087F-6A5B-47C4-8B61-90E860BB1CDD}.Debug|Any CPU.Build.0 = Debug|Any CPU
		{A129087F-6A5B-47C4-8B61-90E860BB1CDD}.Release|Any CPU.ActiveCfg = Release|Any CPU
		{A129087F-6A5B-47C4-8B61-90E860BB1CDD}.Release|Any CPU.Build.0 = Release|Any CPU
	EndGlobalSection
	GlobalSection(SolutionProperties) = preSolution
		HideSolutionNode = FALSE
	EndGlobalSection
	GlobalSection(ExtensibilityGlobals) = postSolution
		SolutionGuid = {B6D8C035-9561-4792-B86B-098112E41190}
	EndGlobalSection
EndGlobal
